// !$*UTF8*$!
{
	archiveVersion = 1;
	classes = {
	};
	objectVersion = 51;
	objects = {

/* Begin PBXBuildFile section */
		0D357E6C23CD8C7600F8D179 /* Pods_TelrSDKDemo.framework in Frameworks */ = {isa = PBXBuildFile; fileRef = EB3999C3B6AA9E91B541AF53 /* Pods_TelrSDKDemo.framework */; };
		0D357E6D23CD8C7600F8D179 /* Pods_TelrSDKDemo.framework in Embed Frameworks */ = {isa = PBXBuildFile; fileRef = EB3999C3B6AA9E91B541AF53 /* Pods_TelrSDKDemo.framework */; settings = {ATTRIBUTES = (CodeSignOnCopy, RemoveHeadersOnCopy, ); }; };
		0D7169D7226727F900E4A497 /* AppDelegate.swift in Sources */ = {isa = PBXBuildFile; fileRef = 0D7169D6226727F900E4A497 /* AppDelegate.swift */; };
		0D7169D9226727F900E4A497 /* ViewController.swift in Sources */ = {isa = PBXBuildFile; fileRef = 0D7169D8226727F900E4A497 /* ViewController.swift */; };
		0D7169DC226727F900E4A497 /* Main.storyboard in Resources */ = {isa = PBXBuildFile; fileRef = 0D7169DA226727F900E4A497 /* Main.storyboard */; };
		0D7169DE226727FC00E4A497 /* Assets.xcassets in Resources */ = {isa = PBXBuildFile; fileRef = 0D7169DD226727FC00E4A497 /* Assets.xcassets */; };
		0D7169E1226727FC00E4A497 /* LaunchScreen.storyboard in Resources */ = {isa = PBXBuildFile; fileRef = 0D7169DF226727FC00E4A497 /* LaunchScreen.storyboard */; };
		0DE63745226732CE00762964 /* card.png in Resources */ = {isa = PBXBuildFile; fileRef = 0DE63744226732CD00762964 /* card.png */; };
		0DE637472267342B00762964 /* ResultController.swift in Sources */ = {isa = PBXBuildFile; fileRef = 0DE637462267342B00762964 /* ResultController.swift */; };
		526AB7C524E2B3A700FA1F27 /* TelrSDK.framework in Frameworks */ = {isa = PBXBuildFile; fileRef = 526AB7C324E2B38200FA1F27 /* TelrSDK.framework */; };
		526AB7C624E2B3A700FA1F27 /* TelrSDK.framework in Embed Frameworks */ = {isa = PBXBuildFile; fileRef = 526AB7C324E2B38200FA1F27 /* TelrSDK.framework */; settings = {ATTRIBUTES = (CodeSignOnCopy, RemoveHeadersOnCopy, ); }; };
		FF62A3BA24BCF2D000651F41 /* AEXML.framework in Frameworks */ = {isa = PBXBuildFile; fileRef = FF62A3B824BCF2CC00651F41 /* AEXML.framework */; };
		FF62A3BB24BCF2D000651F41 /* AEXML.framework in Embed Frameworks */ = {isa = PBXBuildFile; fileRef = FF62A3B824BCF2CC00651F41 /* AEXML.framework */; settings = {ATTRIBUTES = (CodeSignOnCopy, RemoveHeadersOnCopy, ); }; };
		FF62A3BC24BCF2D200651F41 /* SwiftyXMLParser.framework in Frameworks */ = {isa = PBXBuildFile; fileRef = FF62A3B624BCF2BE00651F41 /* SwiftyXMLParser.framework */; };
		FF62A3BD24BCF2D200651F41 /* SwiftyXMLParser.framework in Embed Frameworks */ = {isa = PBXBuildFile; fileRef = FF62A3B624BCF2BE00651F41 /* SwiftyXMLParser.framework */; settings = {ATTRIBUTES = (CodeSignOnCopy, RemoveHeadersOnCopy, ); }; };
/* End PBXBuildFile section */

/* Begin PBXCopyFilesBuildPhase section */
		0D9D9D9F233C9B45002FB8BA /* Embed Frameworks */ = {
			isa = PBXCopyFilesBuildPhase;
			buildActionMask = 2147483647;
			dstPath = "";
			dstSubfolderSpec = 10;
			files = (
				FF62A3BB24BCF2D000651F41 /* AEXML.framework in Embed Frameworks */,
				FF62A3BD24BCF2D200651F41 /* SwiftyXMLParser.framework in Embed Frameworks */,
				526AB7C624E2B3A700FA1F27 /* TelrSDK.framework in Embed Frameworks */,
				0D357E6D23CD8C7600F8D179 /* Pods_TelrSDKDemo.framework in Embed Frameworks */,
			);
			name = "Embed Frameworks";
			runOnlyForDeploymentPostprocessing = 0;
		};
/* End PBXCopyFilesBuildPhase section */

/* Begin PBXFileReference section */
		00FA87C7EEF6B7A07CF006CB /* Pods-TelrSDKDemo.debug.xcconfig */ = {isa = PBXFileReference; includeInIndex = 1; lastKnownFileType = text.xcconfig; name = "Pods-TelrSDKDemo.debug.xcconfig"; path = "Target Support Files/Pods-TelrSDKDemo/Pods-TelrSDKDemo.debug.xcconfig"; sourceTree = "<group>"; };
		0D7169D3226727F900E4A497 /* TelrSDKDemo.app */ = {isa = PBXFileReference; explicitFileType = wrapper.application; includeInIndex = 0; path = TelrSDKDemo.app; sourceTree = BUILT_PRODUCTS_DIR; };
		0D7169D6226727F900E4A497 /* AppDelegate.swift */ = {isa = PBXFileReference; lastKnownFileType = sourcecode.swift; path = AppDelegate.swift; sourceTree = "<group>"; };
		0D7169D8226727F900E4A497 /* ViewController.swift */ = {isa = PBXFileReference; lastKnownFileType = sourcecode.swift; path = ViewController.swift; sourceTree = "<group>"; };
		0D7169DB226727F900E4A497 /* Base */ = {isa = PBXFileReference; lastKnownFileType = file.storyboard; name = Base; path = Base.lproj/Main.storyboard; sourceTree = "<group>"; };
		0D7169DD226727FC00E4A497 /* Assets.xcassets */ = {isa = PBXFileReference; lastKnownFileType = folder.assetcatalog; path = Assets.xcassets; sourceTree = "<group>"; };
		0D7169E0226727FC00E4A497 /* Base */ = {isa = PBXFileReference; lastKnownFileType = file.storyboard; name = Base; path = Base.lproj/LaunchScreen.storyboard; sourceTree = "<group>"; };
		0D7169E2226727FC00E4A497 /* Info.plist */ = {isa = PBXFileReference; lastKnownFileType = text.plist.xml; path = Info.plist; sourceTree = "<group>"; };
		0DE63744226732CD00762964 /* card.png */ = {isa = PBXFileReference; lastKnownFileType = image.png; path = card.png; sourceTree = "<group>"; };
		0DE637462267342B00762964 /* ResultController.swift */ = {isa = PBXFileReference; lastKnownFileType = sourcecode.swift; path = ResultController.swift; sourceTree = "<group>"; };
		2BE2A05DED639E63A4A8EDFB /* Pods-TelrSDKDemo.release.xcconfig */ = {isa = PBXFileReference; includeInIndex = 1; lastKnownFileType = text.xcconfig; name = "Pods-TelrSDKDemo.release.xcconfig"; path = "Target Support Files/Pods-TelrSDKDemo/Pods-TelrSDKDemo.release.xcconfig"; sourceTree = "<group>"; };
		526AB7C324E2B38200FA1F27 /* TelrSDK.framework */ = {isa = PBXFileReference; lastKnownFileType = wrapper.framework; path = TelrSDK.framework; sourceTree = "<group>"; };
		EB3999C3B6AA9E91B541AF53 /* Pods_TelrSDKDemo.framework */ = {isa = PBXFileReference; explicitFileType = wrapper.framework; includeInIndex = 0; path = Pods_TelrSDKDemo.framework; sourceTree = BUILT_PRODUCTS_DIR; };
		FF62A3B624BCF2BE00651F41 /* SwiftyXMLParser.framework */ = {isa = PBXFileReference; lastKnownFileType = wrapper.framework; path = SwiftyXMLParser.framework; sourceTree = "<group>"; };
		FF62A3B824BCF2CC00651F41 /* AEXML.framework */ = {isa = PBXFileReference; lastKnownFileType = wrapper.framework; path = AEXML.framework; sourceTree = "<group>"; };
/* End PBXFileReference section */

/* Begin PBXFrameworksBuildPhase section */
		0D7169D0226727F900E4A497 /* Frameworks */ = {
			isa = PBXFrameworksBuildPhase;
			buildActionMask = 2147483647;
			files = (
				FF62A3BC24BCF2D200651F41 /* SwiftyXMLParser.framework in Frameworks */,
				FF62A3BA24BCF2D000651F41 /* AEXML.framework in Frameworks */,
				526AB7C524E2B3A700FA1F27 /* TelrSDK.framework in Frameworks */,
				0D357E6C23CD8C7600F8D179 /* Pods_TelrSDKDemo.framework in Frameworks */,
			);
			runOnlyForDeploymentPostprocessing = 0;
		};
/* End PBXFrameworksBuildPhase section */

/* Begin PBXGroup section */
		0D7169CA226727F900E4A497 = {
			isa = PBXGroup;
			children = (
				526AB7C324E2B38200FA1F27 /* TelrSDK.framework */,
				FF62A3B824BCF2CC00651F41 /* AEXML.framework */,
				FF62A3B624BCF2BE00651F41 /* SwiftyXMLParser.framework */,
				0D7169D5226727F900E4A497 /* TelrSDKDemo */,
				0D7169D4226727F900E4A497 /* Products */,
				BEC67225DA4331744E15E814 /* Pods */,
				61BEDEF1BB356EC72FCE7B74 /* Frameworks */,
			);
			sourceTree = "<group>";
		};
		0D7169D4226727F900E4A497 /* Products */ = {
			isa = PBXGroup;
			children = (
				0D7169D3226727F900E4A497 /* TelrSDKDemo.app */,
			);
			name = Products;
			sourceTree = "<group>";
		};
		0D7169D5226727F900E4A497 /* TelrSDKDemo */ = {
			isa = PBXGroup;
			children = (
				0D7169D6226727F900E4A497 /* AppDelegate.swift */,
				0D7169D8226727F900E4A497 /* ViewController.swift */,
				0DE637462267342B00762964 /* ResultController.swift */,
				0D7169DA226727F900E4A497 /* Main.storyboard */,
				0D7169DD226727FC00E4A497 /* Assets.xcassets */,
				0D7169DF226727FC00E4A497 /* LaunchScreen.storyboard */,
				0D7169E2226727FC00E4A497 /* Info.plist */,
				0DE63744226732CD00762964 /* card.png */,
			);
			path = TelrSDKDemo;
			sourceTree = "<group>";
		};
		61BEDEF1BB356EC72FCE7B74 /* Frameworks */ = {
			isa = PBXGroup;
			children = (
				EB3999C3B6AA9E91B541AF53 /* Pods_TelrSDKDemo.framework */,
			);
			name = Frameworks;
			sourceTree = "<group>";
		};
		BEC67225DA4331744E15E814 /* Pods */ = {
			isa = PBXGroup;
			children = (
				00FA87C7EEF6B7A07CF006CB /* Pods-TelrSDKDemo.debug.xcconfig */,
				2BE2A05DED639E63A4A8EDFB /* Pods-TelrSDKDemo.release.xcconfig */,
			);
			path = Pods;
			sourceTree = "<group>";
		};
/* End PBXGroup section */

/* Begin PBXNativeTarget section */
		0D7169D2226727F900E4A497 /* TelrSDKDemo */ = {
			isa = PBXNativeTarget;
			buildConfigurationList = 0D7169E5226727FC00E4A497 /* Build configuration list for PBXNativeTarget "TelrSDKDemo" */;
			buildPhases = (
				5854AF4A791BFBBE6810E48A /* [CP] Check Pods Manifest.lock */,
				0D7169CF226727F900E4A497 /* Sources */,
				0D7169D0226727F900E4A497 /* Frameworks */,
				0D7169D1226727F900E4A497 /* Resources */,
				0D9D9D9F233C9B45002FB8BA /* Embed Frameworks */,
				E9745FC7241BA5E3E801A978 /* [CP] Embed Pods Frameworks */,
			);
			buildRules = (
			);
			dependencies = (
			);
			name = TelrSDKDemo;
			productName = TelrSDKDemo;
			productReference = 0D7169D3226727F900E4A497 /* TelrSDKDemo.app */;
			productType = "com.apple.product-type.application";
		};
/* End PBXNativeTarget section */

/* Begin PBXProject section */
		0D7169CB226727F900E4A497 /* Project object */ = {
			isa = PBXProject;
			attributes = {
				LastSwiftUpdateCheck = 1000;
				LastUpgradeCheck = 1000;
				ORGANIZATIONNAME = Girish;
				TargetAttributes = {
					0D7169D2226727F900E4A497 = {
						CreatedOnToolsVersion = 10.0;
						LastSwiftMigration = 1020;
					};
				};
			};
			buildConfigurationList = 0D7169CE226727F900E4A497 /* Build configuration list for PBXProject "TelrSDKDemo" */;
			compatibilityVersion = "Xcode 9.3";
			developmentRegion = en;
			hasScannedForEncodings = 0;
			knownRegions = (
				en,
				Base,
			);
			mainGroup = 0D7169CA226727F900E4A497;
			productRefGroup = 0D7169D4226727F900E4A497 /* Products */;
			projectDirPath = "";
			projectRoot = "";
			targets = (
				0D7169D2226727F900E4A497 /* TelrSDKDemo */,
			);
		};
/* End PBXProject section */

/* Begin PBXResourcesBuildPhase section */
		0D7169D1226727F900E4A497 /* Resources */ = {
			isa = PBXResourcesBuildPhase;
			buildActionMask = 2147483647;
			files = (
				0D7169E1226727FC00E4A497 /* LaunchScreen.storyboard in Resources */,
				0DE63745226732CE00762964 /* card.png in Resources */,
				0D7169DE226727FC00E4A497 /* Assets.xcassets in Resources */,
				0D7169DC226727F900E4A497 /* Main.storyboard in Resources */,
			);
			runOnlyForDeploymentPostprocessing = 0;
		};
/* End PBXResourcesBuildPhase section */

/* Begin PBXShellScriptBuildPhase section */
		5854AF4A791BFBBE6810E48A /* [CP] Check Pods Manifest.lock */ = {
			isa = PBXShellScriptBuildPhase;
			buildActionMask = 2147483647;
			files = (
			);
			inputFileListPaths = (
			);
			inputPaths = (
				"${PODS_PODFILE_DIR_PATH}/Podfile.lock",
				"${PODS_ROOT}/Manifest.lock",
			);
			name = "[CP] Check Pods Manifest.lock";
			outputFileListPaths = (
			);
			outputPaths = (
				"$(DERIVED_FILE_DIR)/Pods-TelrSDKDemo-checkManifestLockResult.txt",
			);
			runOnlyForDeploymentPostprocessing = 0;
			shellPath = /bin/sh;
			shellScript = "diff \"${PODS_PODFILE_DIR_PATH}/Podfile.lock\" \"${PODS_ROOT}/Manifest.lock\" > /dev/null\nif [ $? != 0 ] ; then\n    # print error to STDERR\n    echo \"error: The sandbox is not in sync with the Podfile.lock. Run 'pod install' or update your CocoaPods installation.\" >&2\n    exit 1\nfi\n# This output is used by Xcode 'outputs' to avoid re-running this script phase.\necho \"SUCCESS\" > \"${SCRIPT_OUTPUT_FILE_0}\"\n";
			showEnvVarsInLog = 0;
		};
		E9745FC7241BA5E3E801A978 /* [CP] Embed Pods Frameworks */ = {
			isa = PBXShellScriptBuildPhase;
			buildActionMask = 2147483647;
			files = (
			);
			inputFileListPaths = (
				"${PODS_ROOT}/Target Support Files/Pods-TelrSDKDemo/Pods-TelrSDKDemo-frameworks-${CONFIGURATION}-input-files.xcfilelist",
			);
			name = "[CP] Embed Pods Frameworks";
			outputFileListPaths = (
				"${PODS_ROOT}/Target Support Files/Pods-TelrSDKDemo/Pods-TelrSDKDemo-frameworks-${CONFIGURATION}-output-files.xcfilelist",
			);
			runOnlyForDeploymentPostprocessing = 0;
			shellPath = /bin/sh;
			shellScript = "\"${PODS_ROOT}/Target Support Files/Pods-TelrSDKDemo/Pods-TelrSDKDemo-frameworks.sh\"\n";
			showEnvVarsInLog = 0;
		};
/* End PBXShellScriptBuildPhase section */

/* Begin PBXSourcesBuildPhase section */
		0D7169CF226727F900E4A497 /* Sources */ = {
			isa = PBXSourcesBuildPhase;
			buildActionMask = 2147483647;
			files = (
				0D7169D9226727F900E4A497 /* ViewController.swift in Sources */,
				0D7169D7226727F900E4A497 /* AppDelegate.swift in Sources */,
				0DE637472267342B00762964 /* ResultController.swift in Sources */,
			);
			runOnlyForDeploymentPostprocessing = 0;
		};
/* End PBXSourcesBuildPhase section */

/* Begin PBXVariantGroup section */
		0D7169DA226727F900E4A497 /* Main.storyboard */ = {
			isa = PBXVariantGroup;
			children = (
				0D7169DB226727F900E4A497 /* Base */,
			);
			name = Main.storyboard;
			sourceTree = "<group>";
		};
		0D7169DF226727FC00E4A497 /* LaunchScreen.storyboard */ = {
			isa = PBXVariantGroup;
			children = (
				0D7169E0226727FC00E4A497 /* Base */,
			);
			name = LaunchScreen.storyboard;
			sourceTree = "<group>";
		};
/* End PBXVariantGroup section */

/* Begin XCBuildConfiguration section */
		0D7169E3226727FC00E4A497 /* Debug */ = {
			isa = XCBuildConfiguration;
			buildSettings = {
				ALWAYS_SEARCH_USER_PATHS = NO;
				CLANG_ANALYZER_NONNULL = YES;
				CLANG_ANALYZER_NUMBER_OBJECT_CONVERSION = YES_AGGRESSIVE;
				CLANG_CXX_LANGUAGE_STANDARD = "gnu++14";
				CLANG_CXX_LIBRARY = "libc++";
				CLANG_ENABLE_MODULES = YES;
				CLANG_ENABLE_OBJC_ARC = YES;
				CLANG_ENABLE_OBJC_WEAK = YES;
				CLANG_WARN_BLOCK_CAPTURE_AUTORELEASING = YES;
				CLANG_WARN_BOOL_CONVERSION = YES;
				CLANG_WARN_COMMA = YES;
				CLANG_WARN_CONSTANT_CONVERSION = YES;
				CLANG_WARN_DEPRECATED_OBJC_IMPLEMENTATIONS = YES;
				CLANG_WARN_DIRECT_OBJC_ISA_USAGE = YES_ERROR;
				CLANG_WARN_DOCUMENTATION_COMMENTS = YES;
				CLANG_WARN_EMPTY_BODY = YES;
				CLANG_WARN_ENUM_CONVERSION = YES;
				CLANG_WARN_INFINITE_RECURSION = YES;
				CLANG_WARN_INT_CONVERSION = YES;
				CLANG_WARN_NON_LITERAL_NULL_CONVERSION = YES;
				CLANG_WARN_OBJC_IMPLICIT_RETAIN_SELF = YES;
				CLANG_WARN_OBJC_LITERAL_CONVERSION = YES;
				CLANG_WARN_OBJC_ROOT_CLASS = YES_ERROR;
				CLANG_WARN_RANGE_LOOP_ANALYSIS = YES;
				CLANG_WARN_STRICT_PROTOTYPES = YES;
				CLANG_WARN_SUSPICIOUS_MOVE = YES;
				CLANG_WARN_UNGUARDED_AVAILABILITY = YES_AGGRESSIVE;
				CLANG_WARN_UNREACHABLE_CODE = YES;
				CLANG_WARN__DUPLICATE_METHOD_MATCH = YES;
				CODE_SIGN_IDENTITY = "iPhone Developer";
				COPY_PHASE_STRIP = NO;
				DEBUG_INFORMATION_FORMAT = dwarf;
				ENABLE_STRICT_OBJC_MSGSEND = YES;
				ENABLE_TESTABILITY = YES;
				GCC_C_LANGUAGE_STANDARD = gnu11;
				GCC_DYNAMIC_NO_PIC = NO;
				GCC_NO_COMMON_BLOCKS = YES;
				GCC_OPTIMIZATION_LEVEL = 0;
				GCC_PREPROCESSOR_DEFINITIONS = (
					"DEBUG=1",
					"$(inherited)",
				);
				GCC_WARN_64_TO_32_BIT_CONVERSION = YES;
				GCC_WARN_ABOUT_RETURN_TYPE = YES_ERROR;
				GCC_WARN_UNDECLARED_SELECTOR = YES;
				GCC_WARN_UNINITIALIZED_AUTOS = YES_AGGRESSIVE;
				GCC_WARN_UNUSED_FUNCTION = YES;
				GCC_WARN_UNUSED_VARIABLE = YES;
				IPHONEOS_DEPLOYMENT_TARGET = 12.0;
				MTL_ENABLE_DEBUG_INFO = INCLUDE_SOURCE;
				MTL_FAST_MATH = YES;
				ONLY_ACTIVE_ARCH = YES;
				SDKROOT = iphoneos;
				SWIFT_ACTIVE_COMPILATION_CONDITIONS = DEBUG;
				SWIFT_OPTIMIZATION_LEVEL = "-Onone";
			};
			name = Debug;
		};
		0D7169E4226727FC00E4A497 /* Release */ = {
			isa = XCBuildConfiguration;
			buildSettings = {
				ALWAYS_SEARCH_USER_PATHS = NO;
				CLANG_ANALYZER_NONNULL = YES;
				CLANG_ANALYZER_NUMBER_OBJECT_CONVERSION = YES_AGGRESSIVE;
				CLANG_CXX_LANGUAGE_STANDARD = "gnu++14";
				CLANG_CXX_LIBRARY = "libc++";
				CLANG_ENABLE_MODULES = YES;
				CLANG_ENABLE_OBJC_ARC = YES;
				CLANG_ENABLE_OBJC_WEAK = YES;
				CLANG_WARN_BLOCK_CAPTURE_AUTORELEASING = YES;
				CLANG_WARN_BOOL_CONVERSION = YES;
				CLANG_WARN_COMMA = YES;
				CLANG_WARN_CONSTANT_CONVERSION = YES;
				CLANG_WARN_DEPRECATED_OBJC_IMPLEMENTATIONS = YES;
				CLANG_WARN_DIRECT_OBJC_ISA_USAGE = YES_ERROR;
				CLANG_WARN_DOCUMENTATION_COMMENTS = YES;
				CLANG_WARN_EMPTY_BODY = YES;
				CLANG_WARN_ENUM_CONVERSION = YES;
				CLANG_WARN_INFINITE_RECURSION = YES;
				CLANG_WARN_INT_CONVERSION = YES;
				CLANG_WARN_NON_LITERAL_NULL_CONVERSION = YES;
				CLANG_WARN_OBJC_IMPLICIT_RETAIN_SELF = YES;
				CLANG_WARN_OBJC_LITERAL_CONVERSION = YES;
				CLANG_WARN_OBJC_ROOT_CLASS = YES_ERROR;
				CLANG_WARN_RANGE_LOOP_ANALYSIS = YES;
				CLANG_WARN_STRICT_PROTOTYPES = YES;
				CLANG_WARN_SUSPICIOUS_MOVE = YES;
				CLANG_WARN_UNGUARDED_AVAILABILITY = YES_AGGRESSIVE;
				CLANG_WARN_UNREACHABLE_CODE = YES;
				CLANG_WARN__DUPLICATE_METHOD_MATCH = YES;
				CODE_SIGN_IDENTITY = "iPhone Developer";
				COPY_PHASE_STRIP = NO;
				DEBUG_INFORMATION_FORMAT = "dwarf-with-dsym";
				ENABLE_NS_ASSERTIONS = NO;
				ENABLE_STRICT_OBJC_MSGSEND = YES;
				GCC_C_LANGUAGE_STANDARD = gnu11;
				GCC_NO_COMMON_BLOCKS = YES;
				GCC_WARN_64_TO_32_BIT_CONVERSION = YES;
				GCC_WARN_ABOUT_RETURN_TYPE = YES_ERROR;
				GCC_WARN_UNDECLARED_SELECTOR = YES;
				GCC_WARN_UNINITIALIZED_AUTOS = YES_AGGRESSIVE;
				GCC_WARN_UNUSED_FUNCTION = YES;
				GCC_WARN_UNUSED_VARIABLE = YES;
				IPHONEOS_DEPLOYMENT_TARGET = 12.0;
				MTL_ENABLE_DEBUG_INFO = NO;
				MTL_FAST_MATH = YES;
				SDKROOT = iphoneos;
				SWIFT_COMPILATION_MODE = wholemodule;
				SWIFT_OPTIMIZATION_LEVEL = "-O";
				VALIDATE_PRODUCT = YES;
			};
			name = Release;
		};
		0D7169E6226727FC00E4A497 /* Debug */ = {
			isa = XCBuildConfiguration;
			baseConfigurationReference = 00FA87C7EEF6B7A07CF006CB /* Pods-TelrSDKDemo.debug.xcconfig */;
			buildSettings = {
				ASSETCATALOG_COMPILER_APPICON_NAME = AppIcon;
				CODE_SIGN_IDENTITY = "iPhone Developer";
				CODE_SIGN_STYLE = Automatic;
				DEVELOPMENT_TEAM = 39E9KHKGHP;
				ENABLE_BITCODE = NO;
				FRAMEWORK_SEARCH_PATHS = (
					"$(inherited)",
					"$(PROJECT_DIR)/TelrSDKDemo",
					"$(PROJECT_DIR)",
				);
				INFOPLIST_FILE = TelrSDKDemo/Info.plist;
				IPHONEOS_DEPLOYMENT_TARGET = 11.1;
				LD_RUNPATH_SEARCH_PATHS = (
					"$(inherited)",
					"@executable_path/Frameworks",
				);
				PRODUCT_BUNDLE_IDENTIFIER = com.spryox.telrsdkdemoo1;
				PRODUCT_NAME = "$(TARGET_NAME)";
				PROVISIONING_PROFILE_SPECIFIER = "";
				SWIFT_VERSION = 5.0;
				TARGETED_DEVICE_FAMILY = "1,2";
			};
			name = Debug;
		};
		0D7169E7226727FC00E4A497 /* Release */ = {
			isa = XCBuildConfiguration;
			baseConfigurationReference = 2BE2A05DED639E63A4A8EDFB /* Pods-TelrSDKDemo.release.xcconfig */;
			buildSettings = {
				ASSETCATALOG_COMPILER_APPICON_NAME = AppIcon;
				CODE_SIGN_IDENTITY = "iPhone Developer";
				CODE_SIGN_STYLE = Automatic;
				DEVELOPMENT_TEAM = 39E9KHKGHP;
				ENABLE_BITCODE = NO;
				FRAMEWORK_SEARCH_PATHS = (
					"$(inherited)",
					"$(PROJECT_DIR)/TelrSDKDemo",
					"$(PROJECT_DIR)",
				);
				INFOPLIST_FILE = TelrSDKDemo/Info.plist;
				IPHONEOS_DEPLOYMENT_TARGET = 11.1;
				LD_RUNPATH_SEARCH_PATHS = (
					"$(inherited)",
					"@executable_path/Frameworks",
				);
				PRODUCT_BUNDLE_IDENTIFIER = com.spryox.telrsdkdemoo1;
				PRODUCT_NAME = "$(TARGET_NAME)";
				PROVISIONING_PROFILE_SPECIFIER = "";
				SWIFT_VERSION = 5.0;
				TARGETED_DEVICE_FAMILY = "1,2";
			};
			name = Release;
		};
/* End XCBuildConfiguration section */

/* Begin XCConfigurationList section */
		0D7169CE226727F900E4A497 /* Build configuration list for PBXProject "TelrSDKDemo" */ = {
			isa = XCConfigurationList;
			buildConfigurations = (
				0D7169E3226727FC00E4A497 /* Debug */,
				0D7169E4226727FC00E4A497 /* Release */,
			);
			defaultConfigurationIsVisible = 0;
			defaultConfigurationName = Release;
		};
		0D7169E5226727FC00E4A497 /* Build configuration list for PBXNativeTarget "TelrSDKDemo" */ = {
			isa = XCConfigurationList;
			buildConfigurations = (
				0D7169E6226727FC00E4A497 /* Debug */,
				0D7169E7226727FC00E4A497 /* Release */,
			);
			defaultConfigurationIsVisible = 0;
			defaultConfigurationName = Release;
		};
/* End XCConfigurationList section */
	};
	rootObject = 0D7169CB226727F900E4A497 /* Project object */;
}
